
Microsoft Visual Studio Solution File, Format Version 12.00
# Visual Studio Version 17
VisualStudioVersion = 17.5.002.0
MinimumVisualStudioVersion = 10.0.40219.1
Project("{9A19103F-16F7-4668-BE54-9A1E7A4F7556}") = "DelegatesWithCopilot", "DelegatesWithCopilot\DelegatesWithCopilot.csproj", "{856E94F7-CEE1-4669-9983-A48E6B458BDB}"
EndProject
Project("{FAE04EC0-301F-11D3-BF4B-00C04F79EFBC}") = "DelegatesWithCopilotTests", "DelegatesWithCopilotTests\DelegatesWithCopilotTests.csproj", "{1472F2C5-A113-4063-85A1-B9381AD29ABC}"
EndProject
Global
	GlobalSection(SolutionConfigurationPlatforms) = preSolution
		Debug|Any CPU = Debug|Any CPU
		Release|Any CPU = Release|Any CPU
	EndGlobalSection
	GlobalSection(ProjectConfigurationPlatforms) = postSolution
		{856E94F7-CEE1-4669-9983-A48E6B458BDB}.Debug|Any CPU.ActiveCfg = Debug|Any CPU
		{856E94F7-CEE1-4669-9983-A48E6B458BDB}.Debug|Any CPU.Build.0 = Debug|Any CPU
		{856E94F7-CEE1-4669-9983-A48E6B458BDB}.Release|Any CPU.ActiveCfg = Release|Any CPU
		{856E94F7-CEE1-4669-9983-A48E6B458BDB}.Release|Any CPU.Build.0 = Release|Any CPU
		{1472F2C5-A113-4063-85A1-B9381AD29ABC}.Debug|Any CPU.ActiveCfg = Debug|Any CPU
		{1472F2C5-A113-4063-85A1-B9381AD29ABC}.Debug|Any CPU.Build.0 = Debug|Any CPU
		{1472F2C5-A113-4063-85A1-B9381AD29ABC}.Release|Any CPU.ActiveCfg = Release|Any CPU
		{1472F2C5-A113-4063-85A1-B9381AD29ABC}.Release|Any CPU.Build.0 = Release|Any CPU
	EndGlobalSection
	GlobalSection(SolutionProperties) = preSolution
		HideSolutionNode = FALSE
	EndGlobalSection
	GlobalSection(ExtensibilityGlobals) = postSolution
		SolutionGuid = {4F0209DB-43BC-4FA1-854C-732EB7D6F63B}
	EndGlobalSection
EndGlobal
